{
  "version": 4,
  "terraform_version": "1.5.5",
  "serial": 1,
  "lineage": "a61a6450-ee91-fac1-eceb-e51a3ebb1e2f",
  "outputs": {},
  "resources": [
    {
      "mode": "data",
      "type": "template_file",
      "name": "docker_compose",
      "provider": "provider[\"registry.terraform.io/hashicorp/template\"]",
      "instances": [
        {
          "schema_version": 0,
          "attributes": {
            "filename": null,
            "id": "24ed2f47e9e7e090d8ae4ea80a8c767df08987274513bdf9dcdd95224ffed864",
            "rendered": "app_name: my-app\ndb_host: db.example.com\n",
            "template": "app_name: ${app_name}\ndb_host: ${db_host}\n",
            "vars": {
              "app_name": "my-app",
              "db_host": "db.example.com"
            }
          },
          "sensitive_attributes": []
        }
      ]
    },
    {
      "mode": "managed",
      "type": "local_file",
      "name": "docker_compose_file",
      "provider": "provider[\"registry.terraform.io/hashicorp/local\"]",
      "instances": [
        {
          "schema_version": 0,
          "attributes": {
            "content": "app_name: my-app\ndb_host: db.example.com\n",
            "content_base64": null,
            "content_base64sha256": "JO0vR+nn4JDYrk6oCox2ffCJhydFE7353N2VIk/+2GQ=",
            "content_base64sha512": "WnHWjFzpGAiK0L7xNaIpxrnmSE+OTnwvrDw0K/f/DJGRMYf89Rj/HIZCbAiOib1maygQq/mSyzzlLYRwrAMYWA==",
            "content_md5": "f9b62ad3602c16da90c5319536970d43",
            "content_sha1": "92aaf04e9ddfe6fd8ae0ffe75f5e16677f79f115",
            "content_sha256": "24ed2f47e9e7e090d8ae4ea80a8c767df08987274513bdf9dcdd95224ffed864",
            "content_sha512": "5a71d68c5ce918088ad0bef135a229c6b9e6484f8e4e7c2fac3c342bf7ff0c91913187fcf518ff1c86426c088e89bd666b2810abf992cb3ce52d8470ac031858",
            "directory_permission": "0777",
            "file_permission": "0777",
            "filename": "docker-compose.yml",
            "id": "92aaf04e9ddfe6fd8ae0ffe75f5e16677f79f115",
            "sensitive_content": null,
            "source": null
          },
          "sensitive_attributes": [],
          "dependencies": [
            "data.template_file.docker_compose"
          ]
        }
      ]
    }
  ],
  "check_results": null
}
